
Microsoft Visual Studio Solution File, Format Version 12.00
# Visual Studio Version 16
VisualStudioVersion = 16.0.29025.244
MinimumVisualStudioVersion = 10.0.40219.1
Project("{FAE04EC0-301F-11D3-BF4B-00C04F79EFBC}") = "DataGridViewExample", "DataGridViewExample\DataGridViewExample.csproj", "{5759BE21-FA4B-451F-9E2B-35C9BC536410}"
EndProject
Global
	GlobalSection(SolutionConfigurationPlatforms) = preSolution
		Debug|Any CPU = Debug|Any CPU
		Release|Any CPU = Release|Any CPU
	EndGlobalSection
	GlobalSection(ProjectConfigurationPlatforms) = postSolution
		{5759BE21-FA4B-451F-9E2B-35C9BC536410}.Debug|Any CPU.ActiveCfg = Debug|Any CPU
		{5759BE21-FA4B-451F-9E2B-35C9BC536410}.Debug|Any CPU.Build.0 = Debug|Any CPU
		{5759BE21-FA4B-451F-9E2B-35C9BC536410}.Release|Any CPU.ActiveCfg = Release|Any CPU
		{5759BE21-FA4B-451F-9E2B-35C9BC536410}.Release|Any CPU.Build.0 = Release|Any CPU
	EndGlobalSection
	GlobalSection(SolutionProperties) = preSolution
		HideSolutionNode = FALSE
	EndGlobalSection
	GlobalSection(ExtensibilityGlobals) = postSolution
		SolutionGuid = {9953A4BE-6AB1-4B5E-99C9-754078339BA3}
	EndGlobalSection
EndGlobal
